
Microsoft Visual Studio Solution File, Format Version 12.00
Project("{FAE04EC0-301F-11D3-BF4B-00C04F79EFBC}") = "AnagramSolver.BusinessLogic", "AnagramSolver.BusinessLogic\AnagramSolver.BusinessLogic.csproj", "{7FFC0B05-FFFE-4DCD-ACD9-6CFB8A7A3D84}"
EndProject
Project("{FAE04EC0-301F-11D3-BF4B-00C04F79EFBC}") = "AnagramSolver.Contracts", "AnagramSolver.Contracts\AnagramSolver.Contracts.csproj", "{41F8CB5E-B56F-4DE5-81D8-F80B62F6C241}"
EndProject
Project("{FAE04EC0-301F-11D3-BF4B-00C04F79EFBC}") = "AnagramSolver.Cli", "AnagramSolver.Cli\AnagramSolver.Cli.csproj", "{1D8760B8-6FCE-42C5-9AEA-F721CD8762E6}"
EndProject
Project("{FAE04EC0-301F-11D3-BF4B-00C04F79EFBC}") = "AnagramSolver.Tests", "AnagramSolver.Tests\AnagramSolver.Tests.csproj", "{0F839F8F-C9AF-4F2D-A468-2D300CE1CDD6}"
EndProject
Project("{FAE04EC0-301F-11D3-BF4B-00C04F79EFBC}") = "AnagramSolver.WebApp", "AnagramSolver.WebApp\AnagramSolver.WebApp.csproj", "{79AD20AA-4120-4F54-BC19-BEB70B94145D}"
EndProject
Project("{FAE04EC0-301F-11D3-BF4B-00C04F79EFBC}") = "AnagramSolver.WebApp.Tests", "AnagramSolver.WebApp.Tests\AnagramSolver.WebApp.Tests.csproj", "{E51E6669-7EF6-4FF8-AA37-009646D552C5}"
EndProject
Project("{FAE04EC0-301F-11D3-BF4B-00C04F79EFBC}") = "AnagramSolver.EF.DatabaseFirst", "AnagramSolver.EF.DatabaseFirst\AnagramSolver.EF.DatabaseFirst.csproj", "{7AF28238-52D6-438D-9DF4-35F65AADF97E}"
EndProject
Project("{FAE04EC0-301F-11D3-BF4B-00C04F79EFBC}") = "AnagramSolver.EF.CodeFirst", "AnagramSolver.EF.CodeFirst\AnagramSolver.EF.CodeFirst.csproj", "{F7DB87D2-2BAF-4353-9B6D-AE442B30FC55}"
EndProject
Global
	GlobalSection(SolutionConfigurationPlatforms) = preSolution
		Debug|Any CPU = Debug|Any CPU
		Release|Any CPU = Release|Any CPU
	EndGlobalSection
	GlobalSection(ProjectConfigurationPlatforms) = postSolution
		{7FFC0B05-FFFE-4DCD-ACD9-6CFB8A7A3D84}.Debug|Any CPU.ActiveCfg = Debug|Any CPU
		{7FFC0B05-FFFE-4DCD-ACD9-6CFB8A7A3D84}.Debug|Any CPU.Build.0 = Debug|Any CPU
		{7FFC0B05-FFFE-4DCD-ACD9-6CFB8A7A3D84}.Release|Any CPU.ActiveCfg = Release|Any CPU
		{7FFC0B05-FFFE-4DCD-ACD9-6CFB8A7A3D84}.Release|Any CPU.Build.0 = Release|Any CPU
		{41F8CB5E-B56F-4DE5-81D8-F80B62F6C241}.Debug|Any CPU.ActiveCfg = Debug|Any CPU
		{41F8CB5E-B56F-4DE5-81D8-F80B62F6C241}.Debug|Any CPU.Build.0 = Debug|Any CPU
		{41F8CB5E-B56F-4DE5-81D8-F80B62F6C241}.Release|Any CPU.ActiveCfg = Release|Any CPU
		{41F8CB5E-B56F-4DE5-81D8-F80B62F6C241}.Release|Any CPU.Build.0 = Release|Any CPU
		{1D8760B8-6FCE-42C5-9AEA-F721CD8762E6}.Debug|Any CPU.ActiveCfg = Debug|Any CPU
		{1D8760B8-6FCE-42C5-9AEA-F721CD8762E6}.Debug|Any CPU.Build.0 = Debug|Any CPU
		{1D8760B8-6FCE-42C5-9AEA-F721CD8762E6}.Release|Any CPU.ActiveCfg = Release|Any CPU
		{1D8760B8-6FCE-42C5-9AEA-F721CD8762E6}.Release|Any CPU.Build.0 = Release|Any CPU
		{0F839F8F-C9AF-4F2D-A468-2D300CE1CDD6}.Debug|Any CPU.ActiveCfg = Debug|Any CPU
		{0F839F8F-C9AF-4F2D-A468-2D300CE1CDD6}.Debug|Any CPU.Build.0 = Debug|Any CPU
		{0F839F8F-C9AF-4F2D-A468-2D300CE1CDD6}.Release|Any CPU.ActiveCfg = Release|Any CPU
		{0F839F8F-C9AF-4F2D-A468-2D300CE1CDD6}.Release|Any CPU.Build.0 = Release|Any CPU
		{79AD20AA-4120-4F54-BC19-BEB70B94145D}.Debug|Any CPU.ActiveCfg = Debug|Any CPU
		{79AD20AA-4120-4F54-BC19-BEB70B94145D}.Debug|Any CPU.Build.0 = Debug|Any CPU
		{79AD20AA-4120-4F54-BC19-BEB70B94145D}.Release|Any CPU.ActiveCfg = Release|Any CPU
		{79AD20AA-4120-4F54-BC19-BEB70B94145D}.Release|Any CPU.Build.0 = Release|Any CPU
		{E51E6669-7EF6-4FF8-AA37-009646D552C5}.Debug|Any CPU.ActiveCfg = Debug|Any CPU
		{E51E6669-7EF6-4FF8-AA37-009646D552C5}.Debug|Any CPU.Build.0 = Debug|Any CPU
		{E51E6669-7EF6-4FF8-AA37-009646D552C5}.Release|Any CPU.ActiveCfg = Release|Any CPU
		{E51E6669-7EF6-4FF8-AA37-009646D552C5}.Release|Any CPU.Build.0 = Release|Any CPU
		{7AF28238-52D6-438D-9DF4-35F65AADF97E}.Debug|Any CPU.ActiveCfg = Debug|Any CPU
		{7AF28238-52D6-438D-9DF4-35F65AADF97E}.Debug|Any CPU.Build.0 = Debug|Any CPU
		{7AF28238-52D6-438D-9DF4-35F65AADF97E}.Release|Any CPU.ActiveCfg = Release|Any CPU
		{7AF28238-52D6-438D-9DF4-35F65AADF97E}.Release|Any CPU.Build.0 = Release|Any CPU
		{F7DB87D2-2BAF-4353-9B6D-AE442B30FC55}.Debug|Any CPU.ActiveCfg = Debug|Any CPU
		{F7DB87D2-2BAF-4353-9B6D-AE442B30FC55}.Debug|Any CPU.Build.0 = Debug|Any CPU
		{F7DB87D2-2BAF-4353-9B6D-AE442B30FC55}.Release|Any CPU.ActiveCfg = Release|Any CPU
		{F7DB87D2-2BAF-4353-9B6D-AE442B30FC55}.Release|Any CPU.Build.0 = Release|Any CPU
	EndGlobalSection
EndGlobal
