
Microsoft Visual Studio Solution File, Format Version 12.00
Project("{FAE04EC0-301F-11D3-BF4B-00C04F79EFBC}") = "AnagramSolver.BusinessLogic", "AnagramSolver.BusinessLogic\AnagramSolver.BusinessLogic.csproj", "{7FFC0B05-FFFE-4DCD-ACD9-6CFB8A7A3D84}"
EndProject
Project("{FAE04EC0-301F-11D3-BF4B-00C04F79EFBC}") = "AnagramSolver.Contracts", "AnagramSolver.Contracts\AnagramSolver.Contracts.csproj", "{41F8CB5E-B56F-4DE5-81D8-F80B62F6C241}"
EndProject
Project("{FAE04EC0-301F-11D3-BF4B-00C04F79EFBC}") = "AnagramSolver.Cli", "AnagramSolver.Cli\AnagramSolver.Cli.csproj", "{1D8760B8-6FCE-42C5-9AEA-F721CD8762E6}"
EndProject
Global
	GlobalSection(SolutionConfigurationPlatforms) = preSolution
		Debug|Any CPU = Debug|Any CPU
		Release|Any CPU = Release|Any CPU
	EndGlobalSection
	GlobalSection(ProjectConfigurationPlatforms) = postSolution
		{7FFC0B05-FFFE-4DCD-ACD9-6CFB8A7A3D84}.Debug|Any CPU.ActiveCfg = Debug|Any CPU
		{7FFC0B05-FFFE-4DCD-ACD9-6CFB8A7A3D84}.Debug|Any CPU.Build.0 = Debug|Any CPU
		{7FFC0B05-FFFE-4DCD-ACD9-6CFB8A7A3D84}.Release|Any CPU.ActiveCfg = Release|Any CPU
		{7FFC0B05-FFFE-4DCD-ACD9-6CFB8A7A3D84}.Release|Any CPU.Build.0 = Release|Any CPU
		{41F8CB5E-B56F-4DE5-81D8-F80B62F6C241}.Debug|Any CPU.ActiveCfg = Debug|Any CPU
		{41F8CB5E-B56F-4DE5-81D8-F80B62F6C241}.Debug|Any CPU.Build.0 = Debug|Any CPU
		{41F8CB5E-B56F-4DE5-81D8-F80B62F6C241}.Release|Any CPU.ActiveCfg = Release|Any CPU
		{41F8CB5E-B56F-4DE5-81D8-F80B62F6C241}.Release|Any CPU.Build.0 = Release|Any CPU
		{1D8760B8-6FCE-42C5-9AEA-F721CD8762E6}.Debug|Any CPU.ActiveCfg = Debug|Any CPU
		{1D8760B8-6FCE-42C5-9AEA-F721CD8762E6}.Debug|Any CPU.Build.0 = Debug|Any CPU
		{1D8760B8-6FCE-42C5-9AEA-F721CD8762E6}.Release|Any CPU.ActiveCfg = Release|Any CPU
		{1D8760B8-6FCE-42C5-9AEA-F721CD8762E6}.Release|Any CPU.Build.0 = Release|Any CPU
	EndGlobalSection
EndGlobal
