
Microsoft Visual Studio Solution File, Format Version 12.00
Project("{FAE04EC0-301F-11D3-BF4B-00C04F79EFBC}") = "AnagramSolver.BusinessLogic", "AnagramSolver.BusinessLogic\AnagramSolver.BusinessLogic.csproj", "{7FFC0B05-FFFE-4DCD-ACD9-6CFB8A7A3D84}"
EndProject
Project("{FAE04EC0-301F-11D3-BF4B-00C04F79EFBC}") = "AnagramSolver.Contracts", "AnagramSolver.Contracts\AnagramSolver.Contracts.csproj", "{41F8CB5E-B56F-4DE5-81D8-F80B62F6C241}"
EndProject
Project("{FAE04EC0-301F-11D3-BF4B-00C04F79EFBC}") = "AnagramSolver.Cli", "AnagramSolver.Cli\AnagramSolver.Cli.csproj", "{1D8760B8-6FCE-42C5-9AEA-F721CD8762E6}"
EndProject
Project("{FAE04EC0-301F-11D3-BF4B-00C04F79EFBC}") = "AnagramSolver.Tests", "AnagramSolver.Tests\AnagramSolver.Tests.csproj", "{0F839F8F-C9AF-4F2D-A468-2D300CE1CDD6}"
EndProject
Project("{FAE04EC0-301F-11D3-BF4B-00C04F79EFBC}") = "AnagramSolver.WebApp", "AnagramSolver.WebApp\AnagramSolver.WebApp.csproj", "{79AD20AA-4120-4F54-BC19-BEB70B94145D}"
EndProject
Project("{FAE04EC0-301F-11D3-BF4B-00C04F79EFBC}") = "AnagramSolver.EF.DatabaseFirst", "AnagramSolver.EF.DatabaseFirst\AnagramSolver.EF.DatabaseFirst.csproj", "{7AF28238-52D6-438D-9DF4-35F65AADF97E}"
EndProject
Project("{FAE04EC0-301F-11D3-BF4B-00C04F79EFBC}") = "AnagramSolver.EF.CodeFirst", "AnagramSolver.EF.CodeFirst\AnagramSolver.EF.CodeFirst.csproj", "{F7DB87D2-2BAF-4353-9B6D-AE442B30FC55}"
EndProject
Project("{FAE04EC0-301F-11D3-BF4B-00C04F79EFBC}") = "AnagramSolver.Cli.Generics", "AnagramSolver.Cli.Generics\AnagramSolver.Cli.Generics.csproj", "{4CA9EEB9-B567-42B0-8A33-B3D6A11DB244}"
EndProject
Project("{FAE04EC0-301F-11D3-BF4B-00C04F79EFBC}") = "AnagramSolver.Generics", "AnagramSolver.Generics\AnagramSolver.Generics.csproj", "{21B02778-79CF-4853-B7BD-EA793622F1BC}"
EndProject
Project("{FAE04EC0-301F-11D3-BF4B-00C04F79EFBC}") = "AnagramSolver.BusinessLogic.Tests", "AnagramSolver.BusinessLogic.Tests\AnagramSolver.BusinessLogic.Tests.csproj", "{459CDB68-E40A-4857-AA75-068998983ABE}"
EndProject
Project("{FAE04EC0-301F-11D3-BF4B-00C04F79EFBC}") = "AnagramSolver.WebApp.Tests", "AnagramSolver.WebApp.Tests\AnagramSolver.WebApp.Tests.csproj", "{87323A6E-4849-4B12-8C1C-7D9EDD333498}"
EndProject
Project("{FAE04EC0-301F-11D3-BF4B-00C04F79EFBC}") = "AnagramSolver.API.Services", "AnagramSolver.API.Services\AnagramSolver.API.Services.csproj", "{96D3508D-62F5-489B-85A4-3588A423D1C1}"
EndProject
Global
	GlobalSection(SolutionConfigurationPlatforms) = preSolution
		Debug|Any CPU = Debug|Any CPU
		Release|Any CPU = Release|Any CPU
	EndGlobalSection
	GlobalSection(ProjectConfigurationPlatforms) = postSolution
		{7FFC0B05-FFFE-4DCD-ACD9-6CFB8A7A3D84}.Debug|Any CPU.ActiveCfg = Debug|Any CPU
		{7FFC0B05-FFFE-4DCD-ACD9-6CFB8A7A3D84}.Debug|Any CPU.Build.0 = Debug|Any CPU
		{7FFC0B05-FFFE-4DCD-ACD9-6CFB8A7A3D84}.Release|Any CPU.ActiveCfg = Release|Any CPU
		{7FFC0B05-FFFE-4DCD-ACD9-6CFB8A7A3D84}.Release|Any CPU.Build.0 = Release|Any CPU
		{41F8CB5E-B56F-4DE5-81D8-F80B62F6C241}.Debug|Any CPU.ActiveCfg = Debug|Any CPU
		{41F8CB5E-B56F-4DE5-81D8-F80B62F6C241}.Debug|Any CPU.Build.0 = Debug|Any CPU
		{41F8CB5E-B56F-4DE5-81D8-F80B62F6C241}.Release|Any CPU.ActiveCfg = Release|Any CPU
		{41F8CB5E-B56F-4DE5-81D8-F80B62F6C241}.Release|Any CPU.Build.0 = Release|Any CPU
		{1D8760B8-6FCE-42C5-9AEA-F721CD8762E6}.Debug|Any CPU.ActiveCfg = Debug|Any CPU
		{1D8760B8-6FCE-42C5-9AEA-F721CD8762E6}.Debug|Any CPU.Build.0 = Debug|Any CPU
		{1D8760B8-6FCE-42C5-9AEA-F721CD8762E6}.Release|Any CPU.ActiveCfg = Release|Any CPU
		{1D8760B8-6FCE-42C5-9AEA-F721CD8762E6}.Release|Any CPU.Build.0 = Release|Any CPU
		{0F839F8F-C9AF-4F2D-A468-2D300CE1CDD6}.Debug|Any CPU.ActiveCfg = Debug|Any CPU
		{0F839F8F-C9AF-4F2D-A468-2D300CE1CDD6}.Debug|Any CPU.Build.0 = Debug|Any CPU
		{0F839F8F-C9AF-4F2D-A468-2D300CE1CDD6}.Release|Any CPU.ActiveCfg = Release|Any CPU
		{0F839F8F-C9AF-4F2D-A468-2D300CE1CDD6}.Release|Any CPU.Build.0 = Release|Any CPU
		{79AD20AA-4120-4F54-BC19-BEB70B94145D}.Debug|Any CPU.ActiveCfg = Debug|Any CPU
		{79AD20AA-4120-4F54-BC19-BEB70B94145D}.Debug|Any CPU.Build.0 = Debug|Any CPU
		{79AD20AA-4120-4F54-BC19-BEB70B94145D}.Release|Any CPU.ActiveCfg = Release|Any CPU
		{79AD20AA-4120-4F54-BC19-BEB70B94145D}.Release|Any CPU.Build.0 = Release|Any CPU
		{7AF28238-52D6-438D-9DF4-35F65AADF97E}.Debug|Any CPU.ActiveCfg = Debug|Any CPU
		{7AF28238-52D6-438D-9DF4-35F65AADF97E}.Debug|Any CPU.Build.0 = Debug|Any CPU
		{7AF28238-52D6-438D-9DF4-35F65AADF97E}.Release|Any CPU.ActiveCfg = Release|Any CPU
		{7AF28238-52D6-438D-9DF4-35F65AADF97E}.Release|Any CPU.Build.0 = Release|Any CPU
		{F7DB87D2-2BAF-4353-9B6D-AE442B30FC55}.Debug|Any CPU.ActiveCfg = Debug|Any CPU
		{F7DB87D2-2BAF-4353-9B6D-AE442B30FC55}.Debug|Any CPU.Build.0 = Debug|Any CPU
		{F7DB87D2-2BAF-4353-9B6D-AE442B30FC55}.Release|Any CPU.ActiveCfg = Release|Any CPU
		{F7DB87D2-2BAF-4353-9B6D-AE442B30FC55}.Release|Any CPU.Build.0 = Release|Any CPU
		{4CA9EEB9-B567-42B0-8A33-B3D6A11DB244}.Debug|Any CPU.ActiveCfg = Debug|Any CPU
		{4CA9EEB9-B567-42B0-8A33-B3D6A11DB244}.Debug|Any CPU.Build.0 = Debug|Any CPU
		{4CA9EEB9-B567-42B0-8A33-B3D6A11DB244}.Release|Any CPU.ActiveCfg = Release|Any CPU
		{4CA9EEB9-B567-42B0-8A33-B3D6A11DB244}.Release|Any CPU.Build.0 = Release|Any CPU
		{21B02778-79CF-4853-B7BD-EA793622F1BC}.Debug|Any CPU.ActiveCfg = Debug|Any CPU
		{21B02778-79CF-4853-B7BD-EA793622F1BC}.Debug|Any CPU.Build.0 = Debug|Any CPU
		{21B02778-79CF-4853-B7BD-EA793622F1BC}.Release|Any CPU.ActiveCfg = Release|Any CPU
		{21B02778-79CF-4853-B7BD-EA793622F1BC}.Release|Any CPU.Build.0 = Release|Any CPU
		{459CDB68-E40A-4857-AA75-068998983ABE}.Debug|Any CPU.ActiveCfg = Debug|Any CPU
		{459CDB68-E40A-4857-AA75-068998983ABE}.Debug|Any CPU.Build.0 = Debug|Any CPU
		{459CDB68-E40A-4857-AA75-068998983ABE}.Release|Any CPU.ActiveCfg = Release|Any CPU
		{459CDB68-E40A-4857-AA75-068998983ABE}.Release|Any CPU.Build.0 = Release|Any CPU
		{87323A6E-4849-4B12-8C1C-7D9EDD333498}.Debug|Any CPU.ActiveCfg = Debug|Any CPU
		{87323A6E-4849-4B12-8C1C-7D9EDD333498}.Debug|Any CPU.Build.0 = Debug|Any CPU
		{87323A6E-4849-4B12-8C1C-7D9EDD333498}.Release|Any CPU.ActiveCfg = Release|Any CPU
		{87323A6E-4849-4B12-8C1C-7D9EDD333498}.Release|Any CPU.Build.0 = Release|Any CPU
		{96D3508D-62F5-489B-85A4-3588A423D1C1}.Debug|Any CPU.ActiveCfg = Debug|Any CPU
		{96D3508D-62F5-489B-85A4-3588A423D1C1}.Debug|Any CPU.Build.0 = Debug|Any CPU
		{96D3508D-62F5-489B-85A4-3588A423D1C1}.Release|Any CPU.ActiveCfg = Release|Any CPU
		{96D3508D-62F5-489B-85A4-3588A423D1C1}.Release|Any CPU.Build.0 = Release|Any CPU
	EndGlobalSection
EndGlobal
